{
  "requires": true,
  "lockfileVersion": 1,
  "dependencies": {
    "vlitejs": {
      "version": "3.0.4",
      "resolved": "https://registry.npmjs.org/vlitejs/-/vlitejs-3.0.4.tgz",
      "integrity": "sha512-XJGPMoYRYoUdmsq89P2COssuwz2kkL/fzb+HXeTsEKwJJqjXstIxSnNYj4N77ozf444tl6U8U+muGW70erVPNQ==",
      "dev": true
    }
  }
}
